
Microsoft Visual Studio Solution File, Format Version 12.00
# Visual Studio Version 16
VisualStudioVersion = 16.0.29509.3
MinimumVisualStudioVersion = 10.0.40219.1
Project("{9A19103F-16F7-4668-BE54-9A1E7A4F7556}") = "Core.Data", "Core.Data.csproj", "{DC46FEA6-9766-45AD-9B50-C16A2672543F}"
EndProject
Global
	GlobalSection(SolutionConfigurationPlatforms) = preSolution
		Debug|Any CPU = Debug|Any CPU
		Release|Any CPU = Release|Any CPU
	EndGlobalSection
	GlobalSection(ProjectConfigurationPlatforms) = postSolution
		{DC46FEA6-9766-45AD-9B50-C16A2672543F}.Debug|Any CPU.ActiveCfg = Debug|Any CPU
		{DC46FEA6-9766-45AD-9B50-C16A2672543F}.Debug|Any CPU.Build.0 = Debug|Any CPU
		{DC46FEA6-9766-45AD-9B50-C16A2672543F}.Release|Any CPU.ActiveCfg = Release|Any CPU
		{DC46FEA6-9766-45AD-9B50-C16A2672543F}.Release|Any CPU.Build.0 = Release|Any CPU
	EndGlobalSection
	GlobalSection(SolutionProperties) = preSolution
		HideSolutionNode = FALSE
	EndGlobalSection
	GlobalSection(ExtensibilityGlobals) = postSolution
		SolutionGuid = {8F32BC52-3AEB-4C80-83B0-E90E4FD8DC55}
	EndGlobalSection
EndGlobal
